
Microsoft Visual Studio Solution File, Format Version 12.00
# Visual Studio Version 16
VisualStudioVersion = 16.0.28621.142
MinimumVisualStudioVersion = 10.0.40219.1
Project("{FAE04EC0-301F-11D3-BF4B-00C04F79EFBC}") = "Calculator", "Calculator.csproj", "{B6B5CDD8-009B-4427-AFDC-4250692F78A2}"
EndProject
Global
	GlobalSection(SolutionConfigurationPlatforms) = preSolution
		Debug|Any CPU = Debug|Any CPU
		Release|Any CPU = Release|Any CPU
	EndGlobalSection
	GlobalSection(ProjectConfigurationPlatforms) = postSolution
		{B6B5CDD8-009B-4427-AFDC-4250692F78A2}.Debug|Any CPU.ActiveCfg = Debug|Any CPU
		{B6B5CDD8-009B-4427-AFDC-4250692F78A2}.Debug|Any CPU.Build.0 = Debug|Any CPU
		{B6B5CDD8-009B-4427-AFDC-4250692F78A2}.Release|Any CPU.ActiveCfg = Release|Any CPU
		{B6B5CDD8-009B-4427-AFDC-4250692F78A2}.Release|Any CPU.Build.0 = Release|Any CPU
	EndGlobalSection
	GlobalSection(SolutionProperties) = preSolution
		HideSolutionNode = FALSE
	EndGlobalSection
	GlobalSection(ExtensibilityGlobals) = postSolution
		SolutionGuid = {5D7BB25A-DDCD-4111-A847-96A8BFA8950E}
	EndGlobalSection
EndGlobal
